
Microsoft Visual Studio Solution File, Format Version 12.00
# Visual Studio Version 17
VisualStudioVersion = 17.3.32922.545
MinimumVisualStudioVersion = 10.0.40219.1
Project("{FAE04EC0-301F-11D3-BF4B-00C04F79EFBC}") = "zd6.Android", "zd6.Android\zd6.Android.csproj", "{BA7A7D1A-2898-4148-98DF-9B02DA9FEE0A}"
EndProject
Project("{FAE04EC0-301F-11D3-BF4B-00C04F79EFBC}") = "zd6", "zd6\zd6.csproj", "{6CA15802-611E-48C9-B6EB-8725EAFCB8F4}"
EndProject
Global
	GlobalSection(SolutionConfigurationPlatforms) = preSolution
		Debug|Any CPU = Debug|Any CPU
		Release|Any CPU = Release|Any CPU
	EndGlobalSection
	GlobalSection(ProjectConfigurationPlatforms) = postSolution
		{BA7A7D1A-2898-4148-98DF-9B02DA9FEE0A}.Debug|Any CPU.ActiveCfg = Debug|Any CPU
		{BA7A7D1A-2898-4148-98DF-9B02DA9FEE0A}.Debug|Any CPU.Build.0 = Debug|Any CPU
		{BA7A7D1A-2898-4148-98DF-9B02DA9FEE0A}.Debug|Any CPU.Deploy.0 = Debug|Any CPU
		{BA7A7D1A-2898-4148-98DF-9B02DA9FEE0A}.Release|Any CPU.ActiveCfg = Release|Any CPU
		{BA7A7D1A-2898-4148-98DF-9B02DA9FEE0A}.Release|Any CPU.Build.0 = Release|Any CPU
		{BA7A7D1A-2898-4148-98DF-9B02DA9FEE0A}.Release|Any CPU.Deploy.0 = Release|Any CPU
		{6CA15802-611E-48C9-B6EB-8725EAFCB8F4}.Debug|Any CPU.ActiveCfg = Debug|Any CPU
		{6CA15802-611E-48C9-B6EB-8725EAFCB8F4}.Debug|Any CPU.Build.0 = Debug|Any CPU
		{6CA15802-611E-48C9-B6EB-8725EAFCB8F4}.Debug|Any CPU.Deploy.0 = Debug|Any CPU
		{6CA15802-611E-48C9-B6EB-8725EAFCB8F4}.Release|Any CPU.ActiveCfg = Release|Any CPU
		{6CA15802-611E-48C9-B6EB-8725EAFCB8F4}.Release|Any CPU.Build.0 = Release|Any CPU
		{6CA15802-611E-48C9-B6EB-8725EAFCB8F4}.Release|Any CPU.Deploy.0 = Release|Any CPU
	EndGlobalSection
	GlobalSection(SolutionProperties) = preSolution
		HideSolutionNode = FALSE
	EndGlobalSection
	GlobalSection(ExtensibilityGlobals) = postSolution
		SolutionGuid = {E05C9D10-BE2B-44D8-86D7-98DC6FE71799}
	EndGlobalSection
EndGlobal
